
Microsoft Visual Studio Solution File, Format Version 12.00
# Visual Studio Version 17
VisualStudioVersion = 17.7.34221.43
MinimumVisualStudioVersion = 10.0.40219.1
Project("{FAE04EC0-301F-11D3-BF4B-00C04F79EFBC}") = "GradesComputation", "GradesComputation\GradesComputation.csproj", "{FDBC87E8-4418-42CD-AE6D-8589057E85CA}"
EndProject
Global
	GlobalSection(SolutionConfigurationPlatforms) = preSolution
		Debug|Any CPU = Debug|Any CPU
		Release|Any CPU = Release|Any CPU
	EndGlobalSection
	GlobalSection(ProjectConfigurationPlatforms) = postSolution
		{FDBC87E8-4418-42CD-AE6D-8589057E85CA}.Debug|Any CPU.ActiveCfg = Debug|Any CPU
		{FDBC87E8-4418-42CD-AE6D-8589057E85CA}.Debug|Any CPU.Build.0 = Debug|Any CPU
		{FDBC87E8-4418-42CD-AE6D-8589057E85CA}.Release|Any CPU.ActiveCfg = Release|Any CPU
		{FDBC87E8-4418-42CD-AE6D-8589057E85CA}.Release|Any CPU.Build.0 = Release|Any CPU
	EndGlobalSection
	GlobalSection(SolutionProperties) = preSolution
		HideSolutionNode = FALSE
	EndGlobalSection
	GlobalSection(ExtensibilityGlobals) = postSolution
		SolutionGuid = {C63ED8BC-2F9C-42AC-935F-9E8B86599274}
	EndGlobalSection
EndGlobal
